{
  "version": "5",
  "specifiers": {
    "jsr:@std/encoding@^1.0.11": "1.0.11",
    "jsr:@std/http@1": "1.1.3",
    "jsr:@std/media-types@1": "1.1.0",
    "jsr:@velotype/veloserver@~0.1.5": "0.1.5",
    "jsr:@velotype/velotype@*": "0.0.27",
    "jsr:@velotype/velotype@^0.0.27": "0.0.27"
  },
  "jsr": {
    "@std/encoding@1.0.11": {
      "integrity": "e7cef2f0b3153bccc17431e7c864a1de03a4b6d9647389c43e08aaa775d37385"
    },
    "@std/http@1.1.3": {
      "integrity": "73a98e05ff58aa18bea562d286172e6c815b1eddd4fcab194beda19e3683b88c",
      "dependencies": [
        "jsr:@std/encoding"
      ]
    },
    "@std/media-types@1.1.0": {
      "integrity": "c9d093f0c05c3512932b330e3cc1fe1d627b301db33a4c2c2185c02471d6eaa4"
    },
    "@velotype/veloserver@0.1.5": {
      "integrity": "f34bfc7fa6b1fd9ba4b4b86a9733d00c75bafa4ea596d4885f7980358366934d",
      "dependencies": [
        "jsr:@std/http",
        "jsr:@std/media-types"
      ]
    },
    "@velotype/velotype@0.0.27": {
      "integrity": "40512f9bcebfcf9c1bbfd6e5190b381c2f55991935b23adf833499b70afaafff"
    }
  },
  "workspace": {
    "dependencies": [
      "jsr:@velotype/veloserver@~0.1.5",
      "jsr:@velotype/velotype@*",
      "jsr:@velotype/velotype@^0.0.27"
    ]
  }
}
