{
  "version": "5",
  "specifiers": {
    "jsr:@std/encoding@^1.0.11": "1.0.11",
    "jsr:@std/http@1": "1.1.2",
    "jsr:@std/media-types@1": "1.1.0",
    "jsr:@velotype/veloserver@^0.0.2": "0.0.2",
    "jsr:@velotype/velotype@*": "0.0.25",
    "jsr:@velotype/velotype@^0.0.25": "0.0.25"
  },
  "jsr": {
    "@std/encoding@1.0.11": {
      "integrity": "e7cef2f0b3153bccc17431e7c864a1de03a4b6d9647389c43e08aaa775d37385"
    },
    "@std/http@1.1.2": {
      "integrity": "1c0473590d5e5b75b30b2be4833c08047dd799aeea35624fd34ec58d67fc9240",
      "dependencies": [
        "jsr:@std/encoding"
      ]
    },
    "@std/media-types@1.1.0": {
      "integrity": "c9d093f0c05c3512932b330e3cc1fe1d627b301db33a4c2c2185c02471d6eaa4"
    },
    "@velotype/veloserver@0.0.2": {
      "integrity": "58c7fe8b5b67e7ecae4de18cfaba7aa90ee46f3c4d1005d1ae886ef9505fcf6b",
      "dependencies": [
        "jsr:@std/http",
        "jsr:@std/media-types"
      ]
    },
    "@velotype/velotype@0.0.25": {
      "integrity": "91fd52127f453f291062b826e58b8641056fd217b7707299cf7c8991ced3e4f4"
    }
  },
  "workspace": {
    "dependencies": [
      "jsr:@velotype/veloserver@^0.0.2",
      "jsr:@velotype/velotype@*",
      "jsr:@velotype/velotype@^0.0.25"
    ]
  }
}
